github.com/goose-lang/primitive v0.2.2-0.20260212023729-cb7f52217e65 h1:iIxG6zAiFGcVGx0hVeQxNZypucNcRhFUoUzTEHTBbp0=
github.com/goose-lang/primitive v0.2.2-0.20260212023729-cb7f52217e65/go.mod h1:sDE72zVH81ASwPXc1m9OgSfaaY0aZHu4Ty19FgONpOc=
github.com/goose-lang/std v0.7.0 h1:kJ3LRXtSm9I/T6QH0pB7P+sfUNpsYCZEBGTSsruuv2c=
github.com/goose-lang/std v0.7.0/go.mod h1:bnKHDHwU0lHf99eMI5PVM77UweRyu6qgM/h43qGBRto=
github.com/pkg/errors v0.9.1 h1:FEBLx1zS214owpjy7qsBeixbURkuhQAwrK5UwLGTwt4=
github.com/pkg/errors v0.9.1/go.mod h1:bwawxfHBFNV+L2hUp1rHADufV3IMtnDRdf1r5NINEl0=
github.com/stretchr/testify v1.12.1 h1:EuwCh5fleGS7H32xRwO3wRGT7DxrDhLAT6FF8MpWDWE=
github.com/stretchr/testify v1.12.1/go.mod h1:MDEgiDPPsNp5cuIrHPPCyornHKgEVbtFUmoNlxoYthg=
github.com/upamanyus/marshal v0.0.0-20260212025754-cf86d74f6773 h1:YA35N1VodzahcaIbLiWBdSV1WvUSOqy15hMY50vI3Rk=
github.com/upamanyus/marshal v0.0.0-20260212025754-cf86d74f6773/go.mod h1:AlKL5d6a5lEmJqwuaq5eF5GMlpJIvlOiTGyZROqTZUc=
go.yaml.in/yaml/v3 v3.0.5 h1:N6y/pJk8buWs9NY5ERU2HSMfm+IuD/OtfdAnq6kESPw=
go.yaml.in/yaml/v3 v3.0.5/go.mod h1:HVTZu1O7/Vkt2N+BFy8Zza+lnLsABggaTM2ZpNIGuKg=
golang.org/x/sys v0.47.0 h1:o7XGOvZQCADBQQ4Y7VNq2dRWQR7JmOUW8Kxx4ZsNgWs=
golang.org/x/sys v0.47.0/go.mod h1:4GL1E5IUh+htKOUEOaiffhrAeqysfVGipDYzABqnCmw=
